
Microsoft Visual Studio Solution File, Format Version 12.00
# Visual Studio Version 16
VisualStudioVersion = 16.0.31605.320
MinimumVisualStudioVersion = 10.0.40219.1
Project("{FAE04EC0-301F-11D3-BF4B-00C04F79EFBC}") = "TucXmlUppgift1", "TucXmlUppgift1\TucXmlUppgift1.csproj", "{5F966EBD-6011-4A3E-B592-B19E10DBBE0C}"
EndProject
Global
	GlobalSection(SolutionConfigurationPlatforms) = preSolution
		Debug|Any CPU = Debug|Any CPU
		Release|Any CPU = Release|Any CPU
	EndGlobalSection
	GlobalSection(ProjectConfigurationPlatforms) = postSolution
		{5F966EBD-6011-4A3E-B592-B19E10DBBE0C}.Debug|Any CPU.ActiveCfg = Debug|Any CPU
		{5F966EBD-6011-4A3E-B592-B19E10DBBE0C}.Debug|Any CPU.Build.0 = Debug|Any CPU
		{5F966EBD-6011-4A3E-B592-B19E10DBBE0C}.Release|Any CPU.ActiveCfg = Release|Any CPU
		{5F966EBD-6011-4A3E-B592-B19E10DBBE0C}.Release|Any CPU.Build.0 = Release|Any CPU
	EndGlobalSection
	GlobalSection(SolutionProperties) = preSolution
		HideSolutionNode = FALSE
	EndGlobalSection
	GlobalSection(ExtensibilityGlobals) = postSolution
		SolutionGuid = {D51D3310-52D3-4688-A214-9722BC8F3F11}
	EndGlobalSection
EndGlobal
